# This file is automatically @generated by Poetry 1.7.0 and should not be changed by hand.

[[package]]
name = "anyio"
version = "4.3.0"
description = "High level compatibility layer for multiple asynchronous event loop implementations"
optional = false
python-versions = ">=3.8"
files = [
    {file = "anyio-4.3.0-py3-none-any.whl", hash = "sha256:048e05d0f6caeed70d731f3db756d35dcc1f35747c8c403364a8332c630441b8"},
    {file = "anyio-4.3.0.tar.gz", hash = "sha256:f75253795a87df48568485fd18cdd2a3fa5c4f7c5be8e5e36637733fce06fed6"},
]

[package.dependencies]
idna = ">=2.8"
sniffio = ">=1.1"

[package.extras]
doc = ["Sphinx (>=7)", "packaging", "sphinx-autodoc-typehints (>=1.2.0)", "sphinx-rtd-theme"]
test = ["anyio[trio]", "coverage[toml] (>=7)", "exceptiongroup (>=1.2.0)", "hypothesis (>=4.0)", "psutil (>=5.9)", "pytest (>=7.0)", "pytest-mock (>=3.6.1)", "trustme", "uvloop (>=0.17)"]
trio = ["trio (>=0.23)"]

[[package]]
name = "async-timeout"
version = "4.0.3"
description = "Timeout context manager for asyncio programs"
optional = false
python-versions = ">=3.7"
files = [
    {file = "async-timeout-4.0.3.tar.gz", hash = "sha256:4640d96be84d82d02ed59ea2b7105a0f7b33abe8703703cd0ab0bf87c427522f"},
    {file = "async_timeout-4.0.3-py3-none-any.whl", hash = "sha256:7405140ff1230c310e51dc27b3145b9092d659ce68ff733fb0cefe3ee42be028"},
]

[[package]]
name = "black"
version = "23.12.1"
description = "The uncompromising code formatter."
optional = false
python-versions = ">=3.8"
files = [
    {file = "black-23.12.1-cp310-cp310-manylinux_2_17_x86_64.manylinux2014_x86_64.whl", hash = "sha256:a920b569dc6b3472513ba6ddea21f440d4b4c699494d2e972a1753cdc25df7b0"},
    {file = "black-23.12.1-cp310-cp310-win_amd64.whl", hash = "sha256:3fa4be75ef2a6b96ea8d92b1587dd8cb3a35c7e3d51f0738ced0781c3aa3a5a3"},
    {file = "black-23.12.1-cp311-cp311-manylinux_2_17_x86_64.manylinux2014_x86_64.whl", hash = "sha256:9c4352800f14be5b4864016882cdba10755bd50805c95f728011bcb47a4afd59"},
    {file = "black-23.12.1-cp311-cp311-win_amd64.whl", hash = "sha256:0808494f2b2df923ffc5723ed3c7b096bd76341f6213989759287611e9837d50"},
    {file = "black-23.12.1-cp312-cp312-manylinux_2_17_x86_64.manylinux2014_x86_64.whl", hash = "sha256:6d1bd9c210f8b109b1762ec9fd36592fdd528485aadb3f5849b2740ef17e674e"},
    {file = "black-23.12.1-cp312-cp312-win_amd64.whl", hash = "sha256:ae76c22bde5cbb6bfd211ec343ded2163bba7883c7bc77f6b756a1049436fbb9"},
    {file = "black-23.12.1-cp38-cp38-manylinux_2_17_x86_64.manylinux2014_x86_64.whl", hash = "sha256:b18fb2ae6c4bb63eebe5be6bd869ba2f14fd0259bda7d18a46b764d8fb86298a"},
    {file = "black-23.12.1-cp38-cp38-win_amd64.whl", hash = "sha256:c04b6d9d20e9c13f43eee8ea87d44156b8505ca8a3c878773f68b4e4812a421e"},
    {file = "black-23.12.1-cp39-cp39-manylinux_2_17_x86_64.manylinux2014_x86_64.whl", hash = "sha256:97e56155c6b737854e60a9ab1c598ff2533d57e7506d97af5481141671abf3ea"},
    {file = "black-23.12.1-cp39-cp39-win_amd64.whl", hash = "sha256:dd15245c8b68fe2b6bd0f32c1556509d11bb33aec9b5d0866dd8e2ed3dba09c2"},
    {file = "black-23.12.1-py3-none-any.whl", hash = "sha256:78baad24af0f033958cad29731e27363183e140962595def56423e626f4bee3e"},
    {file = "black-23.12.1.tar.gz", hash = "sha256:4ce3ef14ebe8d9509188014d96af1c456a910d5b5cbf434a09fef7e024b3d0d5"},
]

[package.dependencies]
click = ">=8.0.0"
mypy-extensions = ">=0.4.3"
packaging = ">=22.0"
pathspec = ">=0.9.0"
platformdirs = ">=2"

[package.extras]
colorama = ["colorama (>=0.4.3)"]
d = ["aiohttp (>=3.7.4)", "aiohttp (>=3.7.4,!=3.9.0)"]
jupyter = ["ipython (>=7.8.0)", "tokenize-rt (>=3.2.0)"]
uvloop = ["uvloop (>=0.15.2)"]

[[package]]
name = "certifi"
version = "2024.2.2"
description = "Python package for providing Mozilla's CA Bundle."
optional = false
python-versions = ">=3.6"
files = [
    {file = "certifi-2024.2.2-py3-none-any.whl", hash = "sha256:dc383c07b76109f368f6106eee2b593b04a011ea4d55f652c6ca24a754d1cdd1"},
    {file = "certifi-2024.2.2.tar.gz", hash = "sha256:0569859f95fc761b18b45ef421b1290a0f65f147e92a1e5eb3e635f9a5e4e66f"},
]

[[package]]
name = "click"
version = "8.1.7"
description = "Composable command line interface toolkit"
optional = false
python-versions = ">=3.7"
files = [
    {file = "click-8.1.7-py3-none-any.whl", hash = "sha256:ae74fb96c20a0277a1d615f1e4d73c8414f5a98db8b799a7931d1582f3390c28"},
    {file = "click-8.1.7.tar.gz", hash = "sha256:ca9853ad459e787e2192211578cc907e7594e294c7ccc834310722b41b9ca6de"},
]

[package.dependencies]
colorama = {version = "*", markers = "platform_system == \"Windows\""}

[[package]]
name = "colorama"
version = "0.4.6"
description = "Cross-platform colored terminal text."
optional = false
python-versions = "!=3.0.*,!=3.1.*,!=3.2.*,!=3.3.*,!=3.4.*,!=3.5.*,!=3.6.*,>=2.7"
files = [
    {file = "colorama-0.4.6-py2.py3-none-any.whl", hash = "sha256:4f1d9991f5acc0ca119f9d443620b77f9d6b33703e51011c16baf57afb285fc6"},
    {file = "colorama-0.4.6.tar.gz", hash = "sha256:08695f5cb7ed6e0531a20572697297273c47b8cae5a63ffc6d6ed5c201be6e44"},
]

[[package]]
name = "distro"
version = "1.9.0"
description = "Distro - an OS platform information API"
optional = false
python-versions = ">=3.6"
files = [
    {file = "distro-1.9.0-py3-none-any.whl", hash = "sha256:7bffd925d65168f85027d8da9af6bddab658135b840670a223589bc0c8ef02b2"},
    {file = "distro-1.9.0.tar.gz", hash = "sha256:2fa77c6fd8940f116ee1d6b94a2f90b13b5ea8d019b98bc8bafdcabcdd9bdbed"},
]

[[package]]
name = "flake8"
version = "6.1.0"
description = "the modular source code checker: pep8 pyflakes and co"
optional = false
python-versions = ">=3.8.1"
files = [
    {file = "flake8-6.1.0-py2.py3-none-any.whl", hash = "sha256:ffdfce58ea94c6580c77888a86506937f9a1a227dfcd15f245d694ae20a6b6e5"},
    {file = "flake8-6.1.0.tar.gz", hash = "sha256:d5b3857f07c030bdb5bf41c7f53799571d75c4491748a3adcd47de929e34cd23"},
]

[package.dependencies]
mccabe = ">=0.7.0,<0.8.0"
pycodestyle = ">=2.11.0,<2.12.0"
pyflakes = ">=3.1.0,<3.2.0"

[[package]]
name = "flake8-pyproject"
version = "1.2.3"
description = "Flake8 plug-in loading the configuration from pyproject.toml"
optional = false
python-versions = ">= 3.6"
files = [
    {file = "flake8_pyproject-1.2.3-py3-none-any.whl", hash = "sha256:6249fe53545205af5e76837644dc80b4c10037e73a0e5db87ff562d75fb5bd4a"},
]

[package.dependencies]
Flake8 = ">=5"

[package.extras]
dev = ["pyTest", "pyTest-cov"]

[[package]]
name = "h11"
version = "0.14.0"
description = "A pure-Python, bring-your-own-I/O implementation of HTTP/1.1"
optional = false
python-versions = ">=3.7"
files = [
    {file = "h11-0.14.0-py3-none-any.whl", hash = "sha256:e3fe4ac4b851c468cc8363d500db52c2ead036020723024a109d37346efaa761"},
    {file = "h11-0.14.0.tar.gz", hash = "sha256:8f19fbbe99e72420ff35c00b27a34cb9937e902a8b810e2c88300c6f0a3b699d"},
]

[[package]]
name = "hiredis"
version = "2.3.2"
description = "Python wrapper for hiredis"
optional = false
python-versions = ">=3.7"
files = [
    {file = "hiredis-2.3.2-cp310-cp310-macosx_10_15_universal2.whl", hash = "sha256:742093f33d374098aa21c1696ac6e4874b52658c870513a297a89265a4d08fe5"},
    {file = "hiredis-2.3.2-cp310-cp310-macosx_10_15_x86_64.whl", hash = "sha256:9e14fb70ca4f7efa924f508975199353bf653f452e4ef0a1e47549e208f943d7"},
    {file = "hiredis-2.3.2-cp310-cp310-macosx_11_0_arm64.whl", hash = "sha256:6d7302b4b17fcc1cc727ce84ded7f6be4655701e8d58744f73b09cb9ed2b13df"},
    {file = "hiredis-2.3.2-cp310-cp310-manylinux_2_17_aarch64.manylinux2014_aarch64.whl", hash = "sha256:ed63e8b75c193c5e5a8288d9d7b011da076cc314fafc3bfd59ec1d8a750d48c8"},
    {file = "hiredis-2.3.2-cp310-cp310-manylinux_2_17_ppc64le.manylinux2014_ppc64le.whl", hash = "sha256:6b4edee59dc089bc3948f4f6fba309f51aa2ccce63902364900aa0a553a85e97"},
    {file = "hiredis-2.3.2-cp310-cp310-manylinux_2_17_s390x.manylinux2014_s390x.whl", hash = "sha256:a6481c3b7673a86276220140456c2a6fbfe8d1fb5c613b4728293c8634134824"},
    {file = "hiredis-2.3.2-cp310-cp310-manylinux_2_17_x86_64.manylinux2014_x86_64.whl", hash = "sha256:684840b014ce83541a087fcf2d48227196576f56ae3e944d4dfe14c0a3e0ccb7"},
    {file = "hiredis-2.3.2-cp310-cp310-manylinux_2_5_i686.manylinux1_i686.manylinux_2_17_i686.manylinux2014_i686.whl", hash = "sha256:1c4c0bcf786f0eac9593367b6279e9b89534e008edbf116dcd0de956524702c8"},
    {file = "hiredis-2.3.2-cp310-cp310-musllinux_1_1_aarch64.whl", hash = "sha256:66ab949424ac6504d823cba45c4c4854af5c59306a1531edb43b4dd22e17c102"},
    {file = "hiredis-2.3.2-cp310-cp310-musllinux_1_1_i686.whl", hash = "sha256:322c668ee1c12d6c5750a4b1057e6b4feee2a75b3d25d630922a463cfe5e7478"},
    {file = "hiredis-2.3.2-cp310-cp310-musllinux_1_1_ppc64le.whl", hash = "sha256:bfa73e3f163c6e8b2ec26f22285d717a5f77ab2120c97a2605d8f48b26950dac"},
    {file = "hiredis-2.3.2-cp310-cp310-musllinux_1_1_s390x.whl", hash = "sha256:7f39f28ffc65de577c3bc0c7615f149e35bc927802a0f56e612db9b530f316f9"},
    {file = "hiredis-2.3.2-cp310-cp310-musllinux_1_1_x86_64.whl", hash = "sha256:55ce31bf4711da879b96d511208efb65a6165da4ba91cb3a96d86d5a8d9d23e6"},
    {file = "hiredis-2.3.2-cp310-cp310-win32.whl", hash = "sha256:3dd63d0bbbe75797b743f35d37a4cca7ca7ba35423a0de742ae2985752f20c6d"},
    {file = "hiredis-2.3.2-cp310-cp310-win_amd64.whl", hash = "sha256:ea002656a8d974daaf6089863ab0a306962c8b715db6b10879f98b781a2a5bf5"},
    {file = "hiredis-2.3.2-cp311-cp311-macosx_10_15_universal2.whl", hash = "sha256:adfbf2e9c38b77d0db2fb32c3bdaea638fa76b4e75847283cd707521ad2475ef"},
    {file = "hiredis-2.3.2-cp311-cp311-macosx_10_15_x86_64.whl", hash = "sha256:80b02d27864ebaf9b153d4b99015342382eeaed651f5591ce6f07e840307c56d"},
    {file = "hiredis-2.3.2-cp311-cp311-macosx_11_0_arm64.whl", hash = "sha256:bd40d2e2f82a483de0d0a6dfd8c3895a02e55e5c9949610ecbded18188fd0a56"},
    {file = "hiredis-2.3.2-cp311-cp311-manylinux_2_17_aarch64.manylinux2014_aarch64.whl", hash = "sha256:dfa904045d7cebfb0f01dad51352551cce1d873d7c3f80c7ded7d42f8cac8f89"},
    {file = "hiredis-2.3.2-cp311-cp311-manylinux_2_17_ppc64le.manylinux2014_ppc64le.whl", hash = "sha256:28bd184b33e0dd6d65816c16521a4ba1ffbe9ff07d66873c42ea4049a62fed83"},
    {file = "hiredis-2.3.2-cp311-cp311-manylinux_2_17_s390x.manylinux2014_s390x.whl", hash = "sha256:f70481213373d44614148f0f2e38e7905be3f021902ae5167289413196de4ba4"},
    {file = "hiredis-2.3.2-cp311-cp311-manylinux_2_17_x86_64.manylinux2014_x86_64.whl", hash = "sha256:eb8797b528c1ff81eef06713623562b36db3dafa106b59f83a6468df788ff0d1"},
    {file = "hiredis-2.3.2-cp311-cp311-manylinux_2_5_i686.manylinux1_i686.manylinux_2_17_i686.manylinux2014_i686.whl", hash = "sha256:02fc71c8333586871602db4774d3a3e403b4ccf6446dc4603ec12df563127cee"},
    {file = "hiredis-2.3.2-cp311-cp311-musllinux_1_1_aarch64.whl", hash = "sha256:0da56915bda1e0a49157191b54d3e27689b70960f0685fdd5c415dacdee2fbed"},
    {file = "hiredis-2.3.2-cp311-cp311-musllinux_1_1_i686.whl", hash = "sha256:e2674a5a3168349435b08fa0b82998ed2536eb9acccf7087efe26e4cd088a525"},
    {file = "hiredis-2.3.2-cp311-cp311-musllinux_1_1_ppc64le.whl", hash = "sha256:dc1c3fd49930494a67dcec37d0558d99d84eca8eb3f03b17198424538f2608d7"},
    {file = "hiredis-2.3.2-cp311-cp311-musllinux_1_1_s390x.whl", hash = "sha256:14c7b43205e515f538a9defb4e411e0f0576caaeeda76bb9993ed505486f7562"},
    {file = "hiredis-2.3.2-cp311-cp311-musllinux_1_1_x86_64.whl", hash = "sha256:7bac7e02915b970c3723a7a7c5df4ba7a11a3426d2a3f181e041aa506a1ff028"},
    {file = "hiredis-2.3.2-cp311-cp311-win32.whl", hash = "sha256:63a090761ddc3c1f7db5e67aa4e247b4b3bb9890080bdcdadd1b5200b8b89ac4"},
    {file = "hiredis-2.3.2-cp311-cp311-win_amd64.whl", hash = "sha256:70d226ab0306a5b8d408235cabe51d4bf3554c9e8a72d53ce0b3c5c84cf78881"},
    {file = "hiredis-2.3.2-cp312-cp312-macosx_10_15_universal2.whl", hash = "sha256:5c614552c6bd1d0d907f448f75550f6b24fb56cbfce80c094908b7990cad9702"},
    {file = "hiredis-2.3.2-cp312-cp312-macosx_10_15_x86_64.whl", hash = "sha256:9c431431abf55b64347ddc8df68b3ef840269cb0aa5bc2d26ad9506eb4b1b866"},
    {file = "hiredis-2.3.2-cp312-cp312-macosx_11_0_arm64.whl", hash = "sha256:a45857e87e9d2b005e81ddac9d815a33efd26ec67032c366629f023fe64fb415"},
    {file = "hiredis-2.3.2-cp312-cp312-manylinux_2_17_aarch64.manylinux2014_aarch64.whl", hash = "sha256:e138d141ec5a6ec800b6d01ddc3e5561ce1c940215e0eb9960876bfde7186aae"},
    {file = "hiredis-2.3.2-cp312-cp312-manylinux_2_17_ppc64le.manylinux2014_ppc64le.whl", hash = "sha256:387f655444d912a963ab68abf64bf6e178a13c8e4aa945cb27388fd01a02e6f1"},
    {file = "hiredis-2.3.2-cp312-cp312-manylinux_2_17_s390x.manylinux2014_s390x.whl", hash = "sha256:4852f4bf88f0e2d9bdf91279892f5740ed22ae368335a37a52b92a5c88691140"},
    {file = "hiredis-2.3.2-cp312-cp312-manylinux_2_17_x86_64.manylinux2014_x86_64.whl", hash = "sha256:d711c107e83117129b7f8bd08e9820c43ceec6204fff072a001fd82f6d13db9f"},
    {file = "hiredis-2.3.2-cp312-cp312-manylinux_2_5_i686.manylinux1_i686.manylinux_2_17_i686.manylinux2014_i686.whl", hash = "sha256:92830c16885f29163e1c2da1f3c1edb226df1210ec7e8711aaabba3dd0d5470a"},
    {file = "hiredis-2.3.2-cp312-cp312-musllinux_1_1_aarch64.whl", hash = "sha256:16b01d9ceae265d4ab9547be0cd628ecaff14b3360357a9d30c029e5ae8b7e7f"},
    {file = "hiredis-2.3.2-cp312-cp312-musllinux_1_1_i686.whl", hash = "sha256:5986fb5f380169270a0293bebebd95466a1c85010b4f1afc2727e4d17c452512"},
    {file = "hiredis-2.3.2-cp312-cp312-musllinux_1_1_ppc64le.whl", hash = "sha256:49532d7939cc51f8e99efc326090c54acf5437ed88b9c904cc8015b3c4eda9c9"},
    {file = "hiredis-2.3.2-cp312-cp312-musllinux_1_1_s390x.whl", hash = "sha256:8f34801b251ca43ad70691fb08b606a2e55f06b9c9fb1fc18fd9402b19d70f7b"},
    {file = "hiredis-2.3.2-cp312-cp312-musllinux_1_1_x86_64.whl", hash = "sha256:7298562a49d95570ab1c7fc4051e72824c6a80e907993a21a41ba204223e7334"},
    {file = "hiredis-2.3.2-cp312-cp312-win32.whl", hash = "sha256:e1d86b75de787481b04d112067a4033e1ecfda2a060e50318a74e4e1c9b2948c"},
    {file = "hiredis-2.3.2-cp312-cp312-win_amd64.whl", hash = "sha256:6dbfe1887ffa5cf3030451a56a8f965a9da2fa82b7149357752b67a335a05fc6"},
    {file = "hiredis-2.3.2-cp37-cp37m-macosx_10_15_x86_64.whl", hash = "sha256:4fc242e9da4af48714199216eb535b61e8f8d66552c8819e33fc7806bd465a09"},
    {file = "hiredis-2.3.2-cp37-cp37m-manylinux_2_17_aarch64.manylinux2014_aarch64.whl", hash = "sha256:e81aa4e9a1fcf604c8c4b51aa5d258e195a6ba81efe1da82dea3204443eba01c"},
    {file = "hiredis-2.3.2-cp37-cp37m-manylinux_2_17_ppc64le.manylinux2014_ppc64le.whl", hash = "sha256:419780f8583ddb544ffa86f9d44a7fcc183cd826101af4e5ffe535b6765f5f6b"},
    {file = "hiredis-2.3.2-cp37-cp37m-manylinux_2_17_s390x.manylinux2014_s390x.whl", hash = "sha256:6871306d8b98a15e53a5f289ec1106a3a1d43e7ab6f4d785f95fcef9a7bd9504"},
    {file = "hiredis-2.3.2-cp37-cp37m-manylinux_2_17_x86_64.manylinux2014_x86_64.whl", hash = "sha256:88cb0b35b63717ef1e41d62f4f8717166f7c6245064957907cfe177cc144357c"},
    {file = "hiredis-2.3.2-cp37-cp37m-manylinux_2_5_i686.manylinux1_i686.manylinux_2_17_i686.manylinux2014_i686.whl", hash = "sha256:8c490191fa1218851f8a80c5a21a05a6f680ac5aebc2e688b71cbfe592f8fec6"},
    {file = "hiredis-2.3.2-cp37-cp37m-musllinux_1_1_aarch64.whl", hash = "sha256:4baf4b579b108062e91bd2a991dc98b9dc3dc06e6288db2d98895eea8acbac22"},
    {file = "hiredis-2.3.2-cp37-cp37m-musllinux_1_1_i686.whl", hash = "sha256:e627d8ef5e100556e09fb44c9571a432b10e11596d3c4043500080ca9944a91a"},
    {file = "hiredis-2.3.2-cp37-cp37m-musllinux_1_1_ppc64le.whl", hash = "sha256:ba3dc0af0def8c21ce7d903c59ea1e8ec4cb073f25ece9edaec7f92a286cd219"},
    {file = "hiredis-2.3.2-cp37-cp37m-musllinux_1_1_s390x.whl", hash = "sha256:56e9b7d6051688ca94e68c0c8a54a243f8db841911b683cedf89a29d4de91509"},
    {file = "hiredis-2.3.2-cp37-cp37m-musllinux_1_1_x86_64.whl", hash = "sha256:380e029bb4b1d34cf560fcc8950bf6b57c2ef0c9c8b7c7ac20b7c524a730fadd"},
    {file = "hiredis-2.3.2-cp37-cp37m-win32.whl", hash = "sha256:948d9f2ca7841794dd9b204644963a4bcd69ced4e959b0d4ecf1b8ce994a6daa"},
    {file = "hiredis-2.3.2-cp37-cp37m-win_amd64.whl", hash = "sha256:cfa67afe2269b2d203cd1389c00c5bc35a287cd57860441fb0e53b371ea6a029"},
    {file = "hiredis-2.3.2-cp38-cp38-macosx_10_15_universal2.whl", hash = "sha256:bcbe47da0aebc00a7cfe3ebdcff0373b86ce2b1856251c003e3d69c9db44b5a7"},
    {file = "hiredis-2.3.2-cp38-cp38-macosx_10_15_x86_64.whl", hash = "sha256:f2c9c0d910dd3f7df92f0638e7f65d8edd7f442203caf89c62fc79f11b0b73f8"},
    {file = "hiredis-2.3.2-cp38-cp38-macosx_11_0_arm64.whl", hash = "sha256:01b6c24c0840ac7afafbc4db236fd55f56a9a0919a215c25a238f051781f4772"},
    {file = "hiredis-2.3.2-cp38-cp38-manylinux_2_17_aarch64.manylinux2014_aarch64.whl", hash = "sha256:c1f567489f422d40c21e53212a73bef4638d9f21043848150f8544ef1f3a6ad1"},
    {file = "hiredis-2.3.2-cp38-cp38-manylinux_2_17_ppc64le.manylinux2014_ppc64le.whl", hash = "sha256:28adecb308293e705e44087a1c2d557a816f032430d8a2a9bb7873902a1c6d48"},
    {file = "hiredis-2.3.2-cp38-cp38-manylinux_2_17_s390x.manylinux2014_s390x.whl", hash = "sha256:27e9619847e9dc70b14b1ad2d0fb4889e7ca18996585c3463cff6c951fd6b10b"},
    {file = "hiredis-2.3.2-cp38-cp38-manylinux_2_17_x86_64.manylinux2014_x86_64.whl", hash = "sha256:9a0026cfbf29f07649b0e34509091a2a6016ff8844b127de150efce1c3aff60b"},
    {file = "hiredis-2.3.2-cp38-cp38-manylinux_2_5_i686.manylinux1_i686.manylinux_2_17_i686.manylinux2014_i686.whl", hash = "sha256:f9de7586522e5da6bee83c9cf0dcccac0857a43249cb4d721a2e312d98a684d1"},
    {file = "hiredis-2.3.2-cp38-cp38-musllinux_1_1_aarch64.whl", hash = "sha256:e58494f282215fc461b06709e9a195a24c12ba09570f25bdf9efb036acc05101"},
    {file = "hiredis-2.3.2-cp38-cp38-musllinux_1_1_i686.whl", hash = "sha256:de3a32b4b76d46f1eb42b24a918d51d8ca52411a381748196241d59a895f7c5c"},
    {file = "hiredis-2.3.2-cp38-cp38-musllinux_1_1_ppc64le.whl", hash = "sha256:1979334ccab21a49c544cd1b8d784ffb2747f99a51cb0bd0976eebb517628382"},
    {file = "hiredis-2.3.2-cp38-cp38-musllinux_1_1_s390x.whl", hash = "sha256:0c0773266e1c38a06e7593bd08870ac1503f5f0ce0f5c63f2b4134b090b5d6a4"},
    {file = "hiredis-2.3.2-cp38-cp38-musllinux_1_1_x86_64.whl", hash = "sha256:bd1cee053416183adcc8e6134704c46c60c3f66b8faaf9e65bf76191ca59a2f7"},
    {file = "hiredis-2.3.2-cp38-cp38-win32.whl", hash = "sha256:5341ce3d01ef3c7418a72e370bf028c7aeb16895e79e115fe4c954fff990489e"},
    {file = "hiredis-2.3.2-cp38-cp38-win_amd64.whl", hash = "sha256:8fc7197ff33047ce43a67851ccf190acb5b05c52fd4a001bb55766358f04da68"},
    {file = "hiredis-2.3.2-cp39-cp39-macosx_10_15_universal2.whl", hash = "sha256:f47775e27388b58ce52f4f972f80e45b13c65113e9e6b6bf60148f893871dc9b"},
    {file = "hiredis-2.3.2-cp39-cp39-macosx_10_15_x86_64.whl", hash = "sha256:9412a06b8a8e09abd6313d96864b6d7713c6003a365995a5c70cfb9209df1570"},
    {file = "hiredis-2.3.2-cp39-cp39-macosx_11_0_arm64.whl", hash = "sha256:f3020b60e3fc96d08c2a9b011f1c2e2a6bdcc09cb55df93c509b88be5cb791df"},
    {file = "hiredis-2.3.2-cp39-cp39-manylinux_2_17_aarch64.manylinux2014_aarch64.whl", hash = "sha256:53d0f2c59bce399b8010a21bc779b4f8c32d0f582b2284ac8c98dc7578b27bc4"},
    {file = "hiredis-2.3.2-cp39-cp39-manylinux_2_17_ppc64le.manylinux2014_ppc64le.whl", hash = "sha256:57c0d0c7e308ed5280a4900d4468bbfec51f0e1b4cde1deae7d4e639bc6b7766"},
    {file = "hiredis-2.3.2-cp39-cp39-manylinux_2_17_s390x.manylinux2014_s390x.whl", hash = "sha256:1d63318ca189fddc7e75f6a4af8eae9c0545863619fb38cfba5f43e81280b286"},
    {file = "hiredis-2.3.2-cp39-cp39-manylinux_2_17_x86_64.manylinux2014_x86_64.whl", hash = "sha256:e741ffe4e2db78a1b9dd6e5d29678ce37fbaaf65dfe132e5b82a794413302ef1"},
    {file = "hiredis-2.3.2-cp39-cp39-manylinux_2_5_i686.manylinux1_i686.manylinux_2_17_i686.manylinux2014_i686.whl", hash = "sha256:eb98038ccd368e0d88bd92ee575c58cfaf33e77f788c36b2a89a84ee1936dc6b"},
    {file = "hiredis-2.3.2-cp39-cp39-musllinux_1_1_aarch64.whl", hash = "sha256:eae62ed60d53b3561148bcd8c2383e430af38c0deab9f2dd15f8874888ffd26f"},
    {file = "hiredis-2.3.2-cp39-cp39-musllinux_1_1_i686.whl", hash = "sha256:ca33c175c1cf60222d9c6d01c38fc17ec3a484f32294af781de30226b003e00f"},
    {file = "hiredis-2.3.2-cp39-cp39-musllinux_1_1_ppc64le.whl", hash = "sha256:0c5f6972d2bdee3cd301d5c5438e31195cf1cabf6fd9274491674d4ceb46914d"},
    {file = "hiredis-2.3.2-cp39-cp39-musllinux_1_1_s390x.whl", hash = "sha256:a6b54dabfaa5dbaa92f796f0c32819b4636e66aa8e9106c3d421624bd2a2d676"},
    {file = "hiredis-2.3.2-cp39-cp39-musllinux_1_1_x86_64.whl", hash = "sha256:e96cd35df012a17c87ae276196ea8f215e77d6eeca90709eb03999e2d5e3fd8a"},
    {file = "hiredis-2.3.2-cp39-cp39-win32.whl", hash = "sha256:63b99b5ea9fe4f21469fb06a16ca5244307678636f11917359e3223aaeca0b67"},
    {file = "hiredis-2.3.2-cp39-cp39-win_amd64.whl", hash = "sha256:a50c8af811b35b8a43b1590cf890b61ff2233225257a3cad32f43b3ec7ff1b9f"},
    {file = "hiredis-2.3.2-pp310-pypy310_pp73-macosx_10_15_x86_64.whl", hash = "sha256:7e8bf4444b09419b77ce671088db9f875b26720b5872d97778e2545cd87dba4a"},
    {file = "hiredis-2.3.2-pp310-pypy310_pp73-manylinux_2_17_aarch64.manylinux2014_aarch64.whl", hash = "sha256:5bd42d0d45ea47a2f96babd82a659fbc60612ab9423a68e4a8191e538b85542a"},
    {file = "hiredis-2.3.2-pp310-pypy310_pp73-manylinux_2_17_x86_64.manylinux2014_x86_64.whl", hash = "sha256:80441b55edbef868e2563842f5030982b04349408396e5ac2b32025fb06b5212"},
    {file = "hiredis-2.3.2-pp310-pypy310_pp73-manylinux_2_5_i686.manylinux1_i686.manylinux_2_17_i686.manylinux2014_i686.whl", hash = "sha256:ec444ab8f27562a363672d6a7372bc0700a1bdc9764563c57c5f9efa0e592b5f"},
    {file = "hiredis-2.3.2-pp310-pypy310_pp73-win_amd64.whl", hash = "sha256:f9f606e810858207d4b4287b4ef0dc622c2aa469548bf02b59dcc616f134f811"},
    {file = "hiredis-2.3.2-pp37-pypy37_pp73-macosx_10_15_x86_64.whl", hash = "sha256:c3dde4ca00fe9eee3b76209711f1941bb86db42b8a75d7f2249ff9dfc026ab0e"},
    {file = "hiredis-2.3.2-pp37-pypy37_pp73-manylinux_2_17_aarch64.manylinux2014_aarch64.whl", hash = "sha256:d4dd676107a1d3c724a56a9d9db38166ad4cf44f924ee701414751bd18a784a0"},
    {file = "hiredis-2.3.2-pp37-pypy37_pp73-manylinux_2_17_x86_64.manylinux2014_x86_64.whl", hash = "sha256:ce42649e2676ad783186264d5ffc788a7612ecd7f9effb62d51c30d413a3eefe"},
    {file = "hiredis-2.3.2-pp37-pypy37_pp73-manylinux_2_5_i686.manylinux1_i686.manylinux_2_17_i686.manylinux2014_i686.whl", hash = "sha256:8e3f8b1733078ac663dad57e20060e16389a60ab542f18a97931f3a2a2dd64a4"},
    {file = "hiredis-2.3.2-pp37-pypy37_pp73-win_amd64.whl", hash = "sha256:532a84a82156a82529ec401d1c25d677c6543c791e54a263aa139541c363995f"},
    {file = "hiredis-2.3.2-pp38-pypy38_pp73-macosx_10_15_x86_64.whl", hash = "sha256:4d59f88c4daa36b8c38e59ac7bffed6f5d7f68eaccad471484bf587b28ccc478"},
    {file = "hiredis-2.3.2-pp38-pypy38_pp73-manylinux_2_17_aarch64.manylinux2014_aarch64.whl", hash = "sha256:a91a14dd95e24dc078204b18b0199226ee44644974c645dc54ee7b00c3157330"},
    {file = "hiredis-2.3.2-pp38-pypy38_pp73-manylinux_2_17_x86_64.manylinux2014_x86_64.whl", hash = "sha256:bb777a38797c8c7df0444533119570be18d1a4ce5478dffc00c875684df7bfcb"},
    {file = "hiredis-2.3.2-pp38-pypy38_pp73-manylinux_2_5_i686.manylinux1_i686.manylinux_2_17_i686.manylinux2014_i686.whl", hash = "sha256:d47c915897a99d0d34a39fad4be97b4b709ab3d0d3b779ebccf2b6024a8c681e"},
    {file = "hiredis-2.3.2-pp38-pypy38_pp73-win_amd64.whl", hash = "sha256:333b5e04866758b11bda5f5315b4e671d15755fc6ed3b7969721bc6311d0ee36"},
    {file = "hiredis-2.3.2-pp39-pypy39_pp73-macosx_10_15_x86_64.whl", hash = "sha256:c8937f1100435698c18e4da086968c4b5d70e86ea718376f833475ab3277c9aa"},
    {file = "hiredis-2.3.2-pp39-pypy39_pp73-manylinux_2_17_aarch64.manylinux2014_aarch64.whl", hash = "sha256:fa45f7d771094b8145af10db74704ab0f698adb682fbf3721d8090f90e42cc49"},
    {file = "hiredis-2.3.2-pp39-pypy39_pp73-manylinux_2_17_x86_64.manylinux2014_x86_64.whl", hash = "sha256:33d5ebc93c39aed4b5bc769f8ce0819bc50e74bb95d57a35f838f1c4378978e0"},
    {file = "hiredis-2.3.2-pp39-pypy39_pp73-manylinux_2_5_i686.manylinux1_i686.manylinux_2_17_i686.manylinux2014_i686.whl", hash = "sha256:a797d8c7df9944314d309b0d9e1b354e2fa4430a05bb7604da13b6ad291bf959"},
    {file = "hiredis-2.3.2-pp39-pypy39_pp73-win_amd64.whl", hash = "sha256:e15a408f71a6c8c87b364f1f15a6cd9c1baca12bbc47a326ac8ab99ec7ad3c64"},
    {file = "hiredis-2.3.2.tar.gz", hash = "sha256:733e2456b68f3f126ddaf2cd500a33b25146c3676b97ea843665717bda0c5d43"},
]

[[package]]
name = "httpcore"
version = "1.0.5"
description = "A minimal low-level HTTP client."
optional = false
python-versions = ">=3.8"
files = [
    {file = "httpcore-1.0.5-py3-none-any.whl", hash = "sha256:421f18bac248b25d310f3cacd198d55b8e6125c107797b609ff9b7a6ba7991b5"},
    {file = "httpcore-1.0.5.tar.gz", hash = "sha256:34a38e2f9291467ee3b44e89dd52615370e152954ba21721378a87b2960f7a61"},
]

[package.dependencies]
certifi = "*"
h11 = ">=0.13,<0.15"

[package.extras]
asyncio = ["anyio (>=4.0,<5.0)"]
http2 = ["h2 (>=3,<5)"]
socks = ["socksio (==1.*)"]
trio = ["trio (>=0.22.0,<0.26.0)"]

[[package]]
name = "httpx"
version = "0.26.0"
description = "The next generation HTTP client."
optional = false
python-versions = ">=3.8"
files = [
    {file = "httpx-0.26.0-py3-none-any.whl", hash = "sha256:8915f5a3627c4d47b73e8202457cb28f1266982d1159bd5779d86a80c0eab1cd"},
    {file = "httpx-0.26.0.tar.gz", hash = "sha256:451b55c30d5185ea6b23c2c793abf9bb237d2a7dfb901ced6ff69ad37ec1dfaf"},
]

[package.dependencies]
anyio = "*"
certifi = "*"
httpcore = "==1.*"
idna = "*"
sniffio = "*"

[package.extras]
brotli = ["brotli", "brotlicffi"]
cli = ["click (==8.*)", "pygments (==2.*)", "rich (>=10,<14)"]
http2 = ["h2 (>=3,<5)"]
socks = ["socksio (==1.*)"]

[[package]]
name = "idna"
version = "3.7"
description = "Internationalized Domain Names in Applications (IDNA)"
optional = false
python-versions = ">=3.5"
files = [
    {file = "idna-3.7-py3-none-any.whl", hash = "sha256:82fee1fc78add43492d3a1898bfa6d8a904cc97d8427f683ed8e798d07761aa0"},
    {file = "idna-3.7.tar.gz", hash = "sha256:028ff3aadf0609c1fd278d8ea3089299412a7a8b9bd005dd08b9f8285bcb5cfc"},
]

[[package]]
name = "isort"
version = "5.13.2"
description = "A Python utility / library to sort Python imports."
optional = false
python-versions = ">=3.8.0"
files = [
    {file = "isort-5.13.2-py3-none-any.whl", hash = "sha256:8ca5e72a8d85860d5a3fa69b8745237f2939afe12dbf656afbcb47fe72d947a6"},
    {file = "isort-5.13.2.tar.gz", hash = "sha256:48fdfcb9face5d58a4f6dde2e72a1fb8dcaf8ab26f95ab49fab84c2ddefb0109"},
]

[package.extras]
colors = ["colorama (>=0.4.6)"]

[[package]]
name = "loguru"
version = "0.7.2"
description = "Python logging made (stupidly) simple"
optional = false
python-versions = ">=3.5"
files = [
    {file = "loguru-0.7.2-py3-none-any.whl", hash = "sha256:003d71e3d3ed35f0f8984898359d65b79e5b21943f78af86aa5491210429b8eb"},
    {file = "loguru-0.7.2.tar.gz", hash = "sha256:e671a53522515f34fd406340ee968cb9ecafbc4b36c679da03c18fd8d0bd51ac"},
]

[package.dependencies]
colorama = {version = ">=0.3.4", markers = "sys_platform == \"win32\""}
win32-setctime = {version = ">=1.0.0", markers = "sys_platform == \"win32\""}

[package.extras]
dev = ["Sphinx (==7.2.5)", "colorama (==0.4.5)", "colorama (==0.4.6)", "exceptiongroup (==1.1.3)", "freezegun (==1.1.0)", "freezegun (==1.2.2)", "mypy (==v0.910)", "mypy (==v0.971)", "mypy (==v1.4.1)", "mypy (==v1.5.1)", "pre-commit (==3.4.0)", "pytest (==6.1.2)", "pytest (==7.4.0)", "pytest-cov (==2.12.1)", "pytest-cov (==4.1.0)", "pytest-mypy-plugins (==1.9.3)", "pytest-mypy-plugins (==3.0.0)", "sphinx-autobuild (==2021.3.14)", "sphinx-rtd-theme (==1.3.0)", "tox (==3.27.1)", "tox (==4.11.0)"]

[[package]]
name = "mccabe"
version = "0.7.0"
description = "McCabe checker, plugin for flake8"
optional = false
python-versions = ">=3.6"
files = [
    {file = "mccabe-0.7.0-py2.py3-none-any.whl", hash = "sha256:6c2d30ab6be0e4a46919781807b4f0d834ebdd6c6e3dca0bda5a15f863427b6e"},
    {file = "mccabe-0.7.0.tar.gz", hash = "sha256:348e0240c33b60bbdf4e523192ef919f28cb2c3d7d5c7794f74009290f236325"},
]

[[package]]
name = "mypy"
version = "1.10.0"
description = "Optional static typing for Python"
optional = false
python-versions = ">=3.8"
files = [
    {file = "mypy-1.10.0-cp310-cp310-macosx_10_9_x86_64.whl", hash = "sha256:da1cbf08fb3b851ab3b9523a884c232774008267b1f83371ace57f412fe308c2"},
    {file = "mypy-1.10.0-cp310-cp310-macosx_11_0_arm64.whl", hash = "sha256:12b6bfc1b1a66095ab413160a6e520e1dc076a28f3e22f7fb25ba3b000b4ef99"},
    {file = "mypy-1.10.0-cp310-cp310-manylinux_2_17_x86_64.manylinux2014_x86_64.whl", hash = "sha256:9e36fb078cce9904c7989b9693e41cb9711e0600139ce3970c6ef814b6ebc2b2"},
    {file = "mypy-1.10.0-cp310-cp310-musllinux_1_1_x86_64.whl", hash = "sha256:2b0695d605ddcd3eb2f736cd8b4e388288c21e7de85001e9f85df9187f2b50f9"},
    {file = "mypy-1.10.0-cp310-cp310-win_amd64.whl", hash = "sha256:cd777b780312ddb135bceb9bc8722a73ec95e042f911cc279e2ec3c667076051"},
    {file = "mypy-1.10.0-cp311-cp311-macosx_10_9_x86_64.whl", hash = "sha256:3be66771aa5c97602f382230165b856c231d1277c511c9a8dd058be4784472e1"},
    {file = "mypy-1.10.0-cp311-cp311-macosx_11_0_arm64.whl", hash = "sha256:8b2cbaca148d0754a54d44121b5825ae71868c7592a53b7292eeb0f3fdae95ee"},
    {file = "mypy-1.10.0-cp311-cp311-manylinux_2_17_x86_64.manylinux2014_x86_64.whl", hash = "sha256:1ec404a7cbe9fc0e92cb0e67f55ce0c025014e26d33e54d9e506a0f2d07fe5de"},
    {file = "mypy-1.10.0-cp311-cp311-musllinux_1_1_x86_64.whl", hash = "sha256:e22e1527dc3d4aa94311d246b59e47f6455b8729f4968765ac1eacf9a4760bc7"},
    {file = "mypy-1.10.0-cp311-cp311-win_amd64.whl", hash = "sha256:a87dbfa85971e8d59c9cc1fcf534efe664d8949e4c0b6b44e8ca548e746a8d53"},
    {file = "mypy-1.10.0-cp312-cp312-macosx_10_9_x86_64.whl", hash = "sha256:a781f6ad4bab20eef8b65174a57e5203f4be627b46291f4589879bf4e257b97b"},
    {file = "mypy-1.10.0-cp312-cp312-macosx_11_0_arm64.whl", hash = "sha256:b808e12113505b97d9023b0b5e0c0705a90571c6feefc6f215c1df9381256e30"},
    {file = "mypy-1.10.0-cp312-cp312-manylinux_2_17_x86_64.manylinux2014_x86_64.whl", hash = "sha256:8f55583b12156c399dce2df7d16f8a5095291354f1e839c252ec6c0611e86e2e"},
    {file = "mypy-1.10.0-cp312-cp312-musllinux_1_1_x86_64.whl", hash = "sha256:4cf18f9d0efa1b16478c4c129eabec36148032575391095f73cae2e722fcf9d5"},
    {file = "mypy-1.10.0-cp312-cp312-win_amd64.whl", hash = "sha256:bc6ac273b23c6b82da3bb25f4136c4fd42665f17f2cd850771cb600bdd2ebeda"},
    {file = "mypy-1.10.0-cp38-cp38-macosx_10_9_x86_64.whl", hash = "sha256:9fd50226364cd2737351c79807775136b0abe084433b55b2e29181a4c3c878c0"},
    {file = "mypy-1.10.0-cp38-cp38-macosx_11_0_arm64.whl", hash = "sha256:f90cff89eea89273727d8783fef5d4a934be2fdca11b47def50cf5d311aff727"},
    {file = "mypy-1.10.0-cp38-cp38-manylinux_2_17_x86_64.manylinux2014_x86_64.whl", hash = "sha256:fcfc70599efde5c67862a07a1aaf50e55bce629ace26bb19dc17cece5dd31ca4"},
    {file = "mypy-1.10.0-cp38-cp38-musllinux_1_1_x86_64.whl", hash = "sha256:075cbf81f3e134eadaf247de187bd604748171d6b79736fa9b6c9685b4083061"},
    {file = "mypy-1.10.0-cp38-cp38-win_amd64.whl", hash = "sha256:3f298531bca95ff615b6e9f2fc0333aae27fa48052903a0ac90215021cdcfa4f"},
    {file = "mypy-1.10.0-cp39-cp39-macosx_10_9_x86_64.whl", hash = "sha256:fa7ef5244615a2523b56c034becde4e9e3f9b034854c93639adb667ec9ec2976"},
    {file = "mypy-1.10.0-cp39-cp39-macosx_11_0_arm64.whl", hash = "sha256:3236a4c8f535a0631f85f5fcdffba71c7feeef76a6002fcba7c1a8e57c8be1ec"},
    {file = "mypy-1.10.0-cp39-cp39-manylinux_2_17_x86_64.manylinux2014_x86_64.whl", hash = "sha256:4a2b5cdbb5dd35aa08ea9114436e0d79aceb2f38e32c21684dcf8e24e1e92821"},
    {file = "mypy-1.10.0-cp39-cp39-musllinux_1_1_x86_64.whl", hash = "sha256:92f93b21c0fe73dc00abf91022234c79d793318b8a96faac147cd579c1671746"},
    {file = "mypy-1.10.0-cp39-cp39-win_amd64.whl", hash = "sha256:28d0e038361b45f099cc086d9dd99c15ff14d0188f44ac883010e172ce86c38a"},
    {file = "mypy-1.10.0-py3-none-any.whl", hash = "sha256:f8c083976eb530019175aabadb60921e73b4f45736760826aa1689dda8208aee"},
    {file = "mypy-1.10.0.tar.gz", hash = "sha256:3d087fcbec056c4ee34974da493a826ce316947485cef3901f511848e687c131"},
]

[package.dependencies]
mypy-extensions = ">=1.0.0"
typing-extensions = ">=4.1.0"

[package.extras]
dmypy = ["psutil (>=4.0)"]
install-types = ["pip"]
mypyc = ["setuptools (>=50)"]
reports = ["lxml"]

[[package]]
name = "mypy-extensions"
version = "1.0.0"
description = "Type system extensions for programs checked with the mypy type checker."
optional = false
python-versions = ">=3.5"
files = [
    {file = "mypy_extensions-1.0.0-py3-none-any.whl", hash = "sha256:4392f6c0eb8a5668a69e23d168ffa70f0be9ccfd32b5cc2d26a34ae5b844552d"},
    {file = "mypy_extensions-1.0.0.tar.gz", hash = "sha256:75dbf8955dc00442a438fc4d0666508a9a97b6bd41aa2f0ffe9d2f2725af0782"},
]

[[package]]
name = "openai"
version = "1.13.3"
description = "The official Python library for the openai API"
optional = false
python-versions = ">=3.7.1"
files = [
    {file = "openai-1.13.3-py3-none-any.whl", hash = "sha256:5769b62abd02f350a8dd1a3a242d8972c947860654466171d60fb0972ae0a41c"},
    {file = "openai-1.13.3.tar.gz", hash = "sha256:ff6c6b3bc7327e715e4b3592a923a5a1c7519ff5dd764a83d69f633d49e77a7b"},
]

[package.dependencies]
anyio = ">=3.5.0,<5"
distro = ">=1.7.0,<2"
httpx = ">=0.23.0,<1"
pydantic = ">=1.9.0,<3"
sniffio = "*"
tqdm = ">4"
typing-extensions = ">=4.7,<5"

[package.extras]
datalib = ["numpy (>=1)", "pandas (>=1.2.3)", "pandas-stubs (>=1.1.0.11)"]

[[package]]
name = "packaging"
version = "24.0"
description = "Core utilities for Python packages"
optional = false
python-versions = ">=3.7"
files = [
    {file = "packaging-24.0-py3-none-any.whl", hash = "sha256:2ddfb553fdf02fb784c234c7ba6ccc288296ceabec964ad2eae3777778130bc5"},
    {file = "packaging-24.0.tar.gz", hash = "sha256:eb82c5e3e56209074766e6885bb04b8c38a0c015d0a30036ebe7ece34c9989e9"},
]

[[package]]
name = "pathspec"
version = "0.12.1"
description = "Utility library for gitignore style pattern matching of file paths."
optional = false
python-versions = ">=3.8"
files = [
    {file = "pathspec-0.12.1-py3-none-any.whl", hash = "sha256:a0d503e138a4c123b27490a4f7beda6a01c6f288df0e4a8b79c7eb0dc7b4cc08"},
    {file = "pathspec-0.12.1.tar.gz", hash = "sha256:a482d51503a1ab33b1c67a6c3813a26953dbdc71c31dacaef9a838c4e29f5712"},
]

[[package]]
name = "platformdirs"
version = "4.2.1"
description = "A small Python package for determining appropriate platform-specific dirs, e.g. a `user data dir`."
optional = false
python-versions = ">=3.8"
files = [
    {file = "platformdirs-4.2.1-py3-none-any.whl", hash = "sha256:17d5a1161b3fd67b390023cb2d3b026bbd40abde6fdb052dfbd3a29c3ba22ee1"},
    {file = "platformdirs-4.2.1.tar.gz", hash = "sha256:031cd18d4ec63ec53e82dceaac0417d218a6863f7745dfcc9efe7793b7039bdf"},
]

[package.extras]
docs = ["furo (>=2023.9.10)", "proselint (>=0.13)", "sphinx (>=7.2.6)", "sphinx-autodoc-typehints (>=1.25.2)"]
test = ["appdirs (==1.4.4)", "covdefaults (>=2.3)", "pytest (>=7.4.3)", "pytest-cov (>=4.1)", "pytest-mock (>=3.12)"]
type = ["mypy (>=1.8)"]

[[package]]
name = "pycodestyle"
version = "2.11.1"
description = "Python style guide checker"
optional = false
python-versions = ">=3.8"
files = [
    {file = "pycodestyle-2.11.1-py2.py3-none-any.whl", hash = "sha256:44fe31000b2d866f2e41841b18528a505fbd7fef9017b04eff4e2648a0fadc67"},
    {file = "pycodestyle-2.11.1.tar.gz", hash = "sha256:41ba0e7afc9752dfb53ced5489e89f8186be00e599e712660695b7a75ff2663f"},
]

[[package]]
name = "pydantic"
version = "1.10.9"
description = "Data validation and settings management using python type hints"
optional = false
python-versions = ">=3.7"
files = [
    {file = "pydantic-1.10.9-cp310-cp310-macosx_10_9_x86_64.whl", hash = "sha256:e692dec4a40bfb40ca530e07805b1208c1de071a18d26af4a2a0d79015b352ca"},
    {file = "pydantic-1.10.9-cp310-cp310-macosx_11_0_arm64.whl", hash = "sha256:3c52eb595db83e189419bf337b59154bdcca642ee4b2a09e5d7797e41ace783f"},
    {file = "pydantic-1.10.9-cp310-cp310-manylinux_2_17_x86_64.manylinux2014_x86_64.whl", hash = "sha256:939328fd539b8d0edf244327398a667b6b140afd3bf7e347cf9813c736211896"},
    {file = "pydantic-1.10.9-cp310-cp310-manylinux_2_5_i686.manylinux1_i686.manylinux_2_17_i686.manylinux2014_i686.whl", hash = "sha256:b48d3d634bca23b172f47f2335c617d3fcb4b3ba18481c96b7943a4c634f5c8d"},
    {file = "pydantic-1.10.9-cp310-cp310-musllinux_1_1_i686.whl", hash = "sha256:f0b7628fb8efe60fe66fd4adadd7ad2304014770cdc1f4934db41fe46cc8825f"},
    {file = "pydantic-1.10.9-cp310-cp310-musllinux_1_1_x86_64.whl", hash = "sha256:e1aa5c2410769ca28aa9a7841b80d9d9a1c5f223928ca8bec7e7c9a34d26b1d4"},
    {file = "pydantic-1.10.9-cp310-cp310-win_amd64.whl", hash = "sha256:eec39224b2b2e861259d6f3c8b6290d4e0fbdce147adb797484a42278a1a486f"},
    {file = "pydantic-1.10.9-cp311-cp311-macosx_10_9_x86_64.whl", hash = "sha256:d111a21bbbfd85c17248130deac02bbd9b5e20b303338e0dbe0faa78330e37e0"},
    {file = "pydantic-1.10.9-cp311-cp311-macosx_11_0_arm64.whl", hash = "sha256:2e9aec8627a1a6823fc62fb96480abe3eb10168fd0d859ee3d3b395105ae19a7"},
    {file = "pydantic-1.10.9-cp311-cp311-manylinux_2_17_x86_64.manylinux2014_x86_64.whl", hash = "sha256:07293ab08e7b4d3c9d7de4949a0ea571f11e4557d19ea24dd3ae0c524c0c334d"},
    {file = "pydantic-1.10.9-cp311-cp311-manylinux_2_5_i686.manylinux1_i686.manylinux_2_17_i686.manylinux2014_i686.whl", hash = "sha256:7ee829b86ce984261d99ff2fd6e88f2230068d96c2a582f29583ed602ef3fc2c"},
    {file = "pydantic-1.10.9-cp311-cp311-musllinux_1_1_i686.whl", hash = "sha256:4b466a23009ff5cdd7076eb56aca537c745ca491293cc38e72bf1e0e00de5b91"},
    {file = "pydantic-1.10.9-cp311-cp311-musllinux_1_1_x86_64.whl", hash = "sha256:7847ca62e581e6088d9000f3c497267868ca2fa89432714e21a4fb33a04d52e8"},
    {file = "pydantic-1.10.9-cp311-cp311-win_amd64.whl", hash = "sha256:7845b31959468bc5b78d7b95ec52fe5be32b55d0d09983a877cca6aedc51068f"},
    {file = "pydantic-1.10.9-cp37-cp37m-macosx_10_9_x86_64.whl", hash = "sha256:517a681919bf880ce1dac7e5bc0c3af1e58ba118fd774da2ffcd93c5f96eaece"},
    {file = "pydantic-1.10.9-cp37-cp37m-manylinux_2_17_x86_64.manylinux2014_x86_64.whl", hash = "sha256:67195274fd27780f15c4c372f4ba9a5c02dad6d50647b917b6a92bf00b3d301a"},
    {file = "pydantic-1.10.9-cp37-cp37m-manylinux_2_5_i686.manylinux1_i686.manylinux_2_17_i686.manylinux2014_i686.whl", hash = "sha256:2196c06484da2b3fded1ab6dbe182bdabeb09f6318b7fdc412609ee2b564c49a"},
    {file = "pydantic-1.10.9-cp37-cp37m-musllinux_1_1_i686.whl", hash = "sha256:6257bb45ad78abacda13f15bde5886efd6bf549dd71085e64b8dcf9919c38b60"},
    {file = "pydantic-1.10.9-cp37-cp37m-musllinux_1_1_x86_64.whl", hash = "sha256:3283b574b01e8dbc982080d8287c968489d25329a463b29a90d4157de4f2baaf"},
    {file = "pydantic-1.10.9-cp37-cp37m-win_amd64.whl", hash = "sha256:5f8bbaf4013b9a50e8100333cc4e3fa2f81214033e05ac5aa44fa24a98670a29"},
    {file = "pydantic-1.10.9-cp38-cp38-macosx_10_9_x86_64.whl", hash = "sha256:b9cd67fb763248cbe38f0593cd8611bfe4b8ad82acb3bdf2b0898c23415a1f82"},
    {file = "pydantic-1.10.9-cp38-cp38-macosx_11_0_arm64.whl", hash = "sha256:f50e1764ce9353be67267e7fd0da08349397c7db17a562ad036aa7c8f4adfdb6"},
    {file = "pydantic-1.10.9-cp38-cp38-manylinux_2_17_x86_64.manylinux2014_x86_64.whl", hash = "sha256:73ef93e5e1d3c8e83f1ff2e7fdd026d9e063c7e089394869a6e2985696693766"},
    {file = "pydantic-1.10.9-cp38-cp38-manylinux_2_5_i686.manylinux1_i686.manylinux_2_17_i686.manylinux2014_i686.whl", hash = "sha256:128d9453d92e6e81e881dd7e2484e08d8b164da5507f62d06ceecf84bf2e21d3"},
    {file = "pydantic-1.10.9-cp38-cp38-musllinux_1_1_i686.whl", hash = "sha256:ad428e92ab68798d9326bb3e5515bc927444a3d71a93b4a2ca02a8a5d795c572"},
    {file = "pydantic-1.10.9-cp38-cp38-musllinux_1_1_x86_64.whl", hash = "sha256:fab81a92f42d6d525dd47ced310b0c3e10c416bbfae5d59523e63ea22f82b31e"},
    {file = "pydantic-1.10.9-cp38-cp38-win_amd64.whl", hash = "sha256:963671eda0b6ba6926d8fc759e3e10335e1dc1b71ff2a43ed2efd6996634dafb"},
    {file = "pydantic-1.10.9-cp39-cp39-macosx_10_9_x86_64.whl", hash = "sha256:970b1bdc6243ef663ba5c7e36ac9ab1f2bfecb8ad297c9824b542d41a750b298"},
    {file = "pydantic-1.10.9-cp39-cp39-macosx_11_0_arm64.whl", hash = "sha256:7e1d5290044f620f80cf1c969c542a5468f3656de47b41aa78100c5baa2b8276"},
    {file = "pydantic-1.10.9-cp39-cp39-manylinux_2_17_x86_64.manylinux2014_x86_64.whl", hash = "sha256:83fcff3c7df7adff880622a98022626f4f6dbce6639a88a15a3ce0f96466cb60"},
    {file = "pydantic-1.10.9-cp39-cp39-manylinux_2_5_i686.manylinux1_i686.manylinux_2_17_i686.manylinux2014_i686.whl", hash = "sha256:0da48717dc9495d3a8f215e0d012599db6b8092db02acac5e0d58a65248ec5bc"},
    {file = "pydantic-1.10.9-cp39-cp39-musllinux_1_1_i686.whl", hash = "sha256:0a2aabdc73c2a5960e87c3ffebca6ccde88665616d1fd6d3db3178ef427b267a"},
    {file = "pydantic-1.10.9-cp39-cp39-musllinux_1_1_x86_64.whl", hash = "sha256:9863b9420d99dfa9c064042304868e8ba08e89081428a1c471858aa2af6f57c4"},
    {file = "pydantic-1.10.9-cp39-cp39-win_amd64.whl", hash = "sha256:e7c9900b43ac14110efa977be3da28931ffc74c27e96ee89fbcaaf0b0fe338e1"},
    {file = "pydantic-1.10.9-py3-none-any.whl", hash = "sha256:6cafde02f6699ce4ff643417d1a9223716ec25e228ddc3b436fe7e2d25a1f305"},
    {file = "pydantic-1.10.9.tar.gz", hash = "sha256:95c70da2cd3b6ddf3b9645ecaa8d98f3d80c606624b6d245558d202cd23ea3be"},
]

[package.dependencies]
python-dotenv = {version = ">=0.10.4", optional = true, markers = "extra == \"dotenv\""}
typing-extensions = ">=4.2.0"

[package.extras]
dotenv = ["python-dotenv (>=0.10.4)"]
email = ["email-validator (>=1.0.3)"]

[[package]]
name = "pyflakes"
version = "3.1.0"
description = "passive checker of Python programs"
optional = false
python-versions = ">=3.8"
files = [
    {file = "pyflakes-3.1.0-py2.py3-none-any.whl", hash = "sha256:4132f6d49cb4dae6819e5379898f2b8cce3c5f23994194c24b77d5da2e36f774"},
    {file = "pyflakes-3.1.0.tar.gz", hash = "sha256:a0aae034c444db0071aa077972ba4768d40c830d9539fd45bf4cd3f8f6992efc"},
]

[[package]]
name = "python-dotenv"
version = "1.0.1"
description = "Read key-value pairs from a .env file and set them as environment variables"
optional = false
python-versions = ">=3.8"
files = [
    {file = "python-dotenv-1.0.1.tar.gz", hash = "sha256:e324ee90a023d808f1959c46bcbc04446a10ced277783dc6ee09987c37ec10ca"},
    {file = "python_dotenv-1.0.1-py3-none-any.whl", hash = "sha256:f7b63ef50f1b690dddf550d03497b66d609393b40b564ed0d674909a68ebf16a"},
]

[package.extras]
cli = ["click (>=5.0)"]

[[package]]
name = "python-telegram-bot"
version = "20.8"
description = "We have made you a wrapper you can't refuse"
optional = false
python-versions = ">=3.8"
files = [
    {file = "python-telegram-bot-20.8.tar.gz", hash = "sha256:0e1e4a6dbce3f4ba606990d66467a5a2d2018368fe44756fae07410a74e960dc"},
    {file = "python_telegram_bot-20.8-py3-none-any.whl", hash = "sha256:a98ddf2f237d6584b03a2f8b20553e1b5e02c8d3a1ea8e17fd06cc955af78c14"},
]

[package.dependencies]
httpx = ">=0.26.0,<0.27.0"

[package.extras]
all = ["APScheduler (>=3.10.4,<3.11.0)", "aiolimiter (>=1.1.0,<1.2.0)", "cachetools (>=5.3.2,<5.4.0)", "cryptography (>=39.0.1)", "httpx[http2]", "httpx[socks]", "pytz (>=2018.6)", "tornado (>=6.4,<7.0)"]
callback-data = ["cachetools (>=5.3.2,<5.4.0)"]
ext = ["APScheduler (>=3.10.4,<3.11.0)", "aiolimiter (>=1.1.0,<1.2.0)", "cachetools (>=5.3.2,<5.4.0)", "pytz (>=2018.6)", "tornado (>=6.4,<7.0)"]
http2 = ["httpx[http2]"]
job-queue = ["APScheduler (>=3.10.4,<3.11.0)", "pytz (>=2018.6)"]
passport = ["cryptography (>=39.0.1)"]
rate-limiter = ["aiolimiter (>=1.1.0,<1.2.0)"]
socks = ["httpx[socks]"]
webhooks = ["tornado (>=6.4,<7.0)"]

[[package]]
name = "redis"
version = "5.0.2"
description = "Python client for Redis database and key-value store"
optional = false
python-versions = ">=3.7"
files = [
    {file = "redis-5.0.2-py3-none-any.whl", hash = "sha256:4caa8e1fcb6f3c0ef28dba99535101d80934b7d4cd541bbb47f4a3826ee472d1"},
    {file = "redis-5.0.2.tar.gz", hash = "sha256:3f82cc80d350e93042c8e6e7a5d0596e4dd68715babffba79492733e1f367037"},
]

[package.dependencies]
async-timeout = ">=4.0.3"
hiredis = {version = ">=1.0.0", optional = true, markers = "extra == \"hiredis\""}

[package.extras]
hiredis = ["hiredis (>=1.0.0)"]
ocsp = ["cryptography (>=36.0.1)", "pyopenssl (==20.0.1)", "requests (>=2.26.0)"]

[[package]]
name = "sniffio"
version = "1.3.1"
description = "Sniff out which async library your code is running under"
optional = false
python-versions = ">=3.7"
files = [
    {file = "sniffio-1.3.1-py3-none-any.whl", hash = "sha256:2f6da418d1f1e0fddd844478f41680e794e6051915791a034ff65e5f100525a2"},
    {file = "sniffio-1.3.1.tar.gz", hash = "sha256:f4324edc670a0f49750a81b895f35c3adb843cca46f0530f79fc1babb23789dc"},
]

[[package]]
name = "tqdm"
version = "4.66.4"
description = "Fast, Extensible Progress Meter"
optional = false
python-versions = ">=3.7"
files = [
    {file = "tqdm-4.66.4-py3-none-any.whl", hash = "sha256:b75ca56b413b030bc3f00af51fd2c1a1a5eac6a0c1cca83cbb37a5c52abce644"},
    {file = "tqdm-4.66.4.tar.gz", hash = "sha256:e4d936c9de8727928f3be6079590e97d9abfe8d39a590be678eb5919ffc186bb"},
]

[package.dependencies]
colorama = {version = "*", markers = "platform_system == \"Windows\""}

[package.extras]
dev = ["pytest (>=6)", "pytest-cov", "pytest-timeout", "pytest-xdist"]
notebook = ["ipywidgets (>=6)"]
slack = ["slack-sdk"]
telegram = ["requests"]

[[package]]
name = "typing-extensions"
version = "4.11.0"
description = "Backported and Experimental Type Hints for Python 3.8+"
optional = false
python-versions = ">=3.8"
files = [
    {file = "typing_extensions-4.11.0-py3-none-any.whl", hash = "sha256:c1f94d72897edaf4ce775bb7558d5b79d8126906a14ea5ed1635921406c0387a"},
    {file = "typing_extensions-4.11.0.tar.gz", hash = "sha256:83f085bd5ca59c80295fc2a82ab5dac679cbe02b9f33f7d83af68e241bea51b0"},
]

[[package]]
name = "win32-setctime"
version = "1.1.0"
description = "A small Python utility to set file creation time on Windows"
optional = false
python-versions = ">=3.5"
files = [
    {file = "win32_setctime-1.1.0-py3-none-any.whl", hash = "sha256:231db239e959c2fe7eb1d7dc129f11172354f98361c4fa2d6d2d7e278baa8aad"},
    {file = "win32_setctime-1.1.0.tar.gz", hash = "sha256:15cf5750465118d6929ae4de4eb46e8edae9a5634350c01ba582df868e932cb2"},
]

[package.extras]
dev = ["black (>=19.3b0)", "pytest (>=4.6.2)"]

[metadata]
lock-version = "2.0"
python-versions = "^3.11"
content-hash = "6d87078149e6597bf3d25203cb640bd3f16ec4bd81eb30dc3f1252e3aba97bac"
